
Microsoft Visual Studio Solution File, Format Version 12.00
# Visual Studio Version 17
VisualStudioVersion = 17.8.34330.188
MinimumVisualStudioVersion = 10.0.40219.1
Project("{FAE04EC0-301F-11D3-BF4B-00C04F79EFBC}") = "PresentationDatalagringUppgift", "DatalagringUppgift\PresentationDatalagringUppgift.csproj", "{DA7196A2-EF66-43F2-87E5-EF63E6733E57}"
EndProject
Project("{FAE04EC0-301F-11D3-BF4B-00C04F79EFBC}") = "Infrastructure", "Infrastructure\Infrastructure.csproj", "{AB31F429-B0A5-4312-BBD0-CBC33A915B8F}"
EndProject
Global
	GlobalSection(SolutionConfigurationPlatforms) = preSolution
		Debug|Any CPU = Debug|Any CPU
		Release|Any CPU = Release|Any CPU
	EndGlobalSection
	GlobalSection(ProjectConfigurationPlatforms) = postSolution
		{DA7196A2-EF66-43F2-87E5-EF63E6733E57}.Debug|Any CPU.ActiveCfg = Debug|Any CPU
		{DA7196A2-EF66-43F2-87E5-EF63E6733E57}.Debug|Any CPU.Build.0 = Debug|Any CPU
		{DA7196A2-EF66-43F2-87E5-EF63E6733E57}.Release|Any CPU.ActiveCfg = Release|Any CPU
		{DA7196A2-EF66-43F2-87E5-EF63E6733E57}.Release|Any CPU.Build.0 = Release|Any CPU
		{AB31F429-B0A5-4312-BBD0-CBC33A915B8F}.Debug|Any CPU.ActiveCfg = Debug|Any CPU
		{AB31F429-B0A5-4312-BBD0-CBC33A915B8F}.Debug|Any CPU.Build.0 = Debug|Any CPU
		{AB31F429-B0A5-4312-BBD0-CBC33A915B8F}.Release|Any CPU.ActiveCfg = Release|Any CPU
		{AB31F429-B0A5-4312-BBD0-CBC33A915B8F}.Release|Any CPU.Build.0 = Release|Any CPU
	EndGlobalSection
	GlobalSection(SolutionProperties) = preSolution
		HideSolutionNode = FALSE
	EndGlobalSection
	GlobalSection(ExtensibilityGlobals) = postSolution
		SolutionGuid = {4DC36F54-0C0E-47A1-8A50-06BD04736338}
	EndGlobalSection
EndGlobal
